Microsoft Visual Studio Solution File, Format Version 12.00
# Visual Studio Version 17
VisualStudioVersion = 17.5.2.0
MinimumVisualStudioVersion = 10.0.40219.1
Project("{2150E333-8FDC-42A3-9474-1A3956D46DE8}") = "client", "client", "{2CB42F12-E813-91B3-7D11-3220E40BEF4A}"
EndProject
Project("{FAE04EC0-301F-11D3-BF4B-00C04F79EFBC}") = "Assembly-CSharp", "client\Assembly-CSharp.csproj", "{CC5C63B3-287C-8610-D8F5-E2794D9C4177}"
EndProject
Project("{FAE04EC0-301F-11D3-BF4B-00C04F79EFBC}") = "PsdPlugin", "client\PsdPlugin.csproj", "{78A65A5E-957F-9449-AA28-D42DAF1FFC26}"
EndProject
Project("{FAE04EC0-301F-11D3-BF4B-00C04F79EFBC}") = "ScriptablePacker", "client\ScriptablePacker.csproj", "{7A19E0FE-CDA2-5297-5F89-97955222A4B0}"
EndProject
Project("{FAE04EC0-301F-11D3-BF4B-00C04F79EFBC}") = "Unity.2D.Animation.Editor", "client\Unity.2D.Animation.Editor.csproj", "{84F555B8-80F5-0404-7808-ACBD08A05F0B}"
EndProject
Project("{FAE04EC0-301F-11D3-BF4B-00C04F79EFBC}") = "Unity.2D.Animation.Runtime", "client\Unity.2D.Animation.Runtime.csproj", "{E004A0E2-9A28-63BE-8747-A4001A2F4FFA}"
EndProject
Project("{FAE04EC0-301F-11D3-BF4B-00C04F79EFBC}") = "Unity.2D.Aseprite.Common", "client\Unity.2D.Aseprite.Common.csproj", "{32EB7783-D179-A796-D7D8-E8726207311F}"
EndProject
Project("{FAE04EC0-301F-11D3-BF4B-00C04F79EFBC}") = "Unity.2D.Aseprite.Editor", "client\Unity.2D.Aseprite.Editor.csproj", "{D336A1D7-6FA0-351E-53C8-789FAFE647AC}"
EndProject
Project("{FAE04EC0-301F-11D3-BF4B-00C04F79EFBC}") = "Unity.2D.Common.Editor", "client\Unity.2D.Common.Editor.csproj", "{5C495890-2C9B-0350-3CF4-EBA7A073BDA2}"
EndProject
Project("{FAE04EC0-301F-11D3-BF4B-00C04F79EFBC}") = "Unity.2D.Common.Path.Editor", "client\Unity.2D.Common.Path.Editor.csproj", "{9F04CB22-A787-BA68-D2C9-DB7FB689A010}"
EndProject
Project("{FAE04EC0-301F-11D3-BF4B-00C04F79EFBC}") = "Unity.2D.Common.Runtime", "client\Unity.2D.Common.Runtime.csproj", "{A49E94A4-0CA5-D654-0B24-986CBA640F3F}"
EndProject
Project("{FAE04EC0-301F-11D3-BF4B-00C04F79EFBC}") = "Unity.2D.IK.Editor", "client\Unity.2D.IK.Editor.csproj", "{1CB4B10D-4888-F21E-756A-BF2A5B56D0CC}"
EndProject
Project("{FAE04EC0-301F-11D3-BF4B-00C04F79EFBC}") = "Unity.2D.IK.Runtime", "client\Unity.2D.IK.Runtime.csproj", "{5D23C1FF-1673-8DE3-41FA-4BFCB0AC4D80}"
EndProject
Project("{FAE04EC0-301F-11D3-BF4B-00C04F79EFBC}") = "Unity.2D.Psdimporter.Editor", "client\Unity.2D.Psdimporter.Editor.csproj", "{26447261-3F78-2432-356A-8387A434E944}"
EndProject
Project("{FAE04EC0-301F-11D3-BF4B-00C04F79EFBC}") = "Unity.2D.SpriteShape.Editor", "client\Unity.2D.SpriteShape.Editor.csproj", "{5F099C6F-844E-C98D-AF98-25C7B4060239}"
EndProject
Project("{FAE04EC0-301F-11D3-BF4B-00C04F79EFBC}") = "Unity.2D.SpriteShape.Runtime", "client\Unity.2D.SpriteShape.Runtime.csproj", "{237D10B8-C693-062E-7049-A28964C2D54D}"
EndProject
Project("{FAE04EC0-301F-11D3-BF4B-00C04F79EFBC}") = "Unity.2D.Tilemap.Extras", "client\Unity.2D.Tilemap.Extras.csproj", "{62212D1D-4220-F9A8-D410-D0575AD51C31}"
EndProject
Project("{FAE04EC0-301F-11D3-BF4B-00C04F79EFBC}") = "Unity.2D.Tilemap.Extras.Editor", "client\Unity.2D.Tilemap.Extras.Editor.csproj", "{DE3C35B7-DA8E-32D9-1624-65C82CB10F86}"
EndProject
Project("{FAE04EC0-301F-11D3-BF4B-00C04F79EFBC}") = "Unity.2D.Tooling.Editor", "client\Unity.2D.Tooling.Editor.csproj", "{609B4F5D-59C3-B5C3-E97B-602C955DCA43}"
EndProject
Project("{FAE04EC0-301F-11D3-BF4B-00C04F79EFBC}") = "Unity.Burst.CodeGen", "client\Unity.Burst.CodeGen.csproj", "{779C7013-5ACA-F42C-ABD9-D6F3384A5CFB}"
EndProject
Project("{FAE04EC0-301F-11D3-BF4B-00C04F79EFBC}") = "Unity.Burst", "client\Unity.Burst.csproj", "{9A9AC683-146E-3F2D-8C44-A04E4ED9C5C6}"
EndProject
Project("{FAE04EC0-301F-11D3-BF4B-00C04F79EFBC}") = "Unity.Burst.Editor", "client\Unity.Burst.Editor.csproj", "{DEDAF148-B047-C85B-3F29-7304B9D41BB8}"
EndProject
Project("{FAE04EC0-301F-11D3-BF4B-00C04F79EFBC}") = "Unity.CollabProxy.Editor", "client\Unity.CollabProxy.Editor.csproj", "{07FE0E80-5080-067D-B27F-DB2C95672550}"
EndProject
Project("{FAE04EC0-301F-11D3-BF4B-00C04F79EFBC}") = "Unity.Collections.CodeGen", "client\Unity.Collections.CodeGen.csproj", "{23088113-8099-613E-812B-DFF924EFAD5B}"
EndProject
Project("{FAE04EC0-301F-11D3-BF4B-00C04F79EFBC}") = "Unity.Collections", "client\Unity.Collections.csproj", "{B7107CD1-4086-9806-AB98-F176D2376C27}"
EndProject
Project("{FAE04EC0-301F-11D3-BF4B-00C04F79EFBC}") = "Unity.Collections.Editor", "client\Unity.Collections.Editor.csproj", "{9AB82457-4371-3470-6BE4-21D1B6BFF7BE}"
EndProject
Project("{FAE04EC0-301F-11D3-BF4B-00C04F79EFBC}") = "Unity.InputSystem", "client\Unity.InputSystem.csproj", "{980BF054-4243-6B9F-8DEE-0D624F07C658}"
EndProject
Project("{FAE04EC0-301F-11D3-BF4B-00C04F79EFBC}") = "Unity.InputSystem.DocCodeSamples", "client\Unity.InputSystem.DocCodeSamples.csproj", "{EA91C31C-0D82-8F92-41DD-8A7E4DCD15BF}"
EndProject
Project("{FAE04EC0-301F-11D3-BF4B-00C04F79EFBC}") = "Unity.InputSystem.ForUI", "client\Unity.InputSystem.ForUI.csproj", "{CBC3C467-DD09-2667-F8A2-E962E1870603}"
EndProject
Project("{FAE04EC0-301F-11D3-BF4B-00C04F79EFBC}") = "Unity.InputSystem.TestFramework", "client\Unity.InputSystem.TestFramework.csproj", "{9F3300B3-113D-CA92-C4BA-88A7DAE9D741}"
EndProject
Project("{FAE04EC0-301F-11D3-BF4B-00C04F79EFBC}") = "Unity.InternalAPIEditorBridge.001", "client\Unity.InternalAPIEditorBridge.001.csproj", "{0971C331-A22D-403F-D20B-005CE1423414}"
EndProject
Project("{FAE04EC0-301F-11D3-BF4B-00C04F79EFBC}") = "Unity.InternalAPIEngineBridge.001", "client\Unity.InternalAPIEngineBridge.001.csproj", "{90B692B4-0E38-EC93-F8A5-F188A25D29A3}"
EndProject
Project("{FAE04EC0-301F-11D3-BF4B-00C04F79EFBC}") = "Unity.Mathematics", "client\Unity.Mathematics.csproj", "{8FD9FACA-11B4-2307-D500-061FE131BEFA}"
EndProject
Project("{FAE04EC0-301F-11D3-BF4B-00C04F79EFBC}") = "Unity.Mathematics.Editor", "client\Unity.Mathematics.Editor.csproj", "{31F4ACD1-958C-F887-5489-8FC66798A2CF}"
EndProject
Project("{FAE04EC0-301F-11D3-BF4B-00C04F79EFBC}") = "Unity.PerformanceTesting", "client\Unity.PerformanceTesting.csproj", "{1C229C17-05BC-D132-F1C5-C5D3DF66665C}"
EndProject
Project("{FAE04EC0-301F-11D3-BF4B-00C04F79EFBC}") = "Unity.PerformanceTesting.Editor", "client\Unity.PerformanceTesting.Editor.csproj", "{1C24B715-8E31-B3EB-27F4-DF3A8668207C}"
EndProject
Project("{FAE04EC0-301F-11D3-BF4B-00C04F79EFBC}") = "Unity.PlasticSCM.Editor", "client\Unity.PlasticSCM.Editor.csproj", "{832A52AB-6CBC-9E46-DC50-162FCCE42458}"
EndProject
Project("{FAE04EC0-301F-11D3-BF4B-00C04F79EFBC}") = "Unity.PlasticSCM.Editor.Entities", "client\Unity.PlasticSCM.Editor.Entities.csproj", "{0F7A4D85-6C9C-9921-49D7-64B07D8D0075}"
EndProject
Project("{FAE04EC0-301F-11D3-BF4B-00C04F79EFBC}") = "Unity.Rider.Editor", "client\Unity.Rider.Editor.csproj", "{CA292FDA-2E90-6F0F-3EFB-FBE019AD0343}"
EndProject
Project("{FAE04EC0-301F-11D3-BF4B-00C04F79EFBC}") = "Unity.Searcher.Editor", "client\Unity.Searcher.Editor.csproj", "{4A457A84-6DC1-7040-54DC-5CC367ACD364}"
EndProject
Project("{FAE04EC0-301F-11D3-BF4B-00C04F79EFBC}") = "Unity.Timeline", "client\Unity.Timeline.csproj", "{EB743E5C-71C6-DFE3-833F-AE2B1A9D0348}"
EndProject
Project("{FAE04EC0-301F-11D3-BF4B-00C04F79EFBC}") = "Unity.Timeline.Editor", "client\Unity.Timeline.Editor.csproj", "{32A2659D-C8AC-0A6E-DF6B-C7E52A6BD2AE}"
EndProject
Project("{FAE04EC0-301F-11D3-BF4B-00C04F79EFBC}") = "Unity.VisualScripting.Core", "client\Unity.VisualScripting.Core.csproj", "{760658CE-02D3-6B10-3794-4B9F54948C41}"
EndProject
Project("{FAE04EC0-301F-11D3-BF4B-00C04F79EFBC}") = "Unity.VisualScripting.Core.Editor", "client\Unity.VisualScripting.Core.Editor.csproj", "{C26AFD45-5878-30CD-E631-F6EB246DBDBB}"
EndProject
Project("{FAE04EC0-301F-11D3-BF4B-00C04F79EFBC}") = "Unity.VisualScripting.DocCodeExamples", "client\Unity.VisualScripting.DocCodeExamples.csproj", "{16105D5F-970C-DA02-F691-F0DCD1E691D9}"
EndProject
Project("{FAE04EC0-301F-11D3-BF4B-00C04F79EFBC}") = "Unity.VisualScripting.Flow", "client\Unity.VisualScripting.Flow.csproj", "{57B4C0E8-FA76-105D-E34C-16E01514BFAD}"
EndProject
Project("{FAE04EC0-301F-11D3-BF4B-00C04F79EFBC}") = "Unity.VisualScripting.Flow.Editor", "client\Unity.VisualScripting.Flow.Editor.csproj", "{D85349A9-AE5C-11FD-997E-B6CDF4AB8AF9}"
EndProject
Project("{FAE04EC0-301F-11D3-BF4B-00C04F79EFBC}") = "Unity.VisualScripting.SettingsProvider.Editor", "client\Unity.VisualScripting.SettingsProvider.Editor.csproj", "{923EE562-F408-3FD9-B5B5-EE5D00A811EC}"
EndProject
Project("{FAE04EC0-301F-11D3-BF4B-00C04F79EFBC}") = "Unity.VisualScripting.Shared.Editor", "client\Unity.VisualScripting.Shared.Editor.csproj", "{1BBCEE8D-B39E-2BBF-8DF0-B6DAB19DDC2E}"
EndProject
Project("{FAE04EC0-301F-11D3-BF4B-00C04F79EFBC}") = "Unity.VisualScripting.State", "client\Unity.VisualScripting.State.csproj", "{6694A806-085D-C724-B32C-734EDDE6721E}"
EndProject
Project("{FAE04EC0-301F-11D3-BF4B-00C04F79EFBC}") = "Unity.VisualScripting.State.Editor", "client\Unity.VisualScripting.State.Editor.csproj", "{04E35770-3735-8E33-DD65-90361F091AD7}"
EndProject
Project("{FAE04EC0-301F-11D3-BF4B-00C04F79EFBC}") = "Unity.VisualStudio.Editor", "client\Unity.VisualStudio.Editor.csproj", "{C56D9F8C-85CA-77A3-9DFD-6B32977E008F}"
EndProject
Global
	GlobalSection(SolutionConfigurationPlatforms) = preSolution
		Debug|Any CPU = Debug|Any CPU
		Release|Any CPU = Release|Any CPU
	EndGlobalSection
	GlobalSection(ProjectConfigurationPlatforms) = postSolution
		{CC5C63B3-287C-8610-D8F5-E2794D9C4177}.Debug|Any CPU.ActiveCfg = Debug|Any CPU
		{CC5C63B3-287C-8610-D8F5-E2794D9C4177}.Debug|Any CPU.Build.0 = Debug|Any CPU
		{CC5C63B3-287C-8610-D8F5-E2794D9C4177}.Release|Any CPU.ActiveCfg = Release|Any CPU
		{CC5C63B3-287C-8610-D8F5-E2794D9C4177}.Release|Any CPU.Build.0 = Release|Any CPU
		{78A65A5E-957F-9449-AA28-D42DAF1FFC26}.Debug|Any CPU.ActiveCfg = Debug|Any CPU
		{78A65A5E-957F-9449-AA28-D42DAF1FFC26}.Debug|Any CPU.Build.0 = Debug|Any CPU
		{78A65A5E-957F-9449-AA28-D42DAF1FFC26}.Release|Any CPU.ActiveCfg = Release|Any CPU
		{78A65A5E-957F-9449-AA28-D42DAF1FFC26}.Release|Any CPU.Build.0 = Release|Any CPU
		{7A19E0FE-CDA2-5297-5F89-97955222A4B0}.Debug|Any CPU.ActiveCfg = Debug|Any CPU
		{7A19E0FE-CDA2-5297-5F89-97955222A4B0}.Debug|Any CPU.Build.0 = Debug|Any CPU
		{7A19E0FE-CDA2-5297-5F89-97955222A4B0}.Release|Any CPU.ActiveCfg = Release|Any CPU
		{7A19E0FE-CDA2-5297-5F89-97955222A4B0}.Release|Any CPU.Build.0 = Release|Any CPU
		{84F555B8-80F5-0404-7808-ACBD08A05F0B}.Debug|Any CPU.ActiveCfg = Debug|Any CPU
		{84F555B8-80F5-0404-7808-ACBD08A05F0B}.Debug|Any CPU.Build.0 = Debug|Any CPU
		{84F555B8-80F5-0404-7808-ACBD08A05F0B}.Release|Any CPU.ActiveCfg = Release|Any CPU
		{84F555B8-80F5-0404-7808-ACBD08A05F0B}.Release|Any CPU.Build.0 = Release|Any CPU
		{E004A0E2-9A28-63BE-8747-A4001A2F4FFA}.Debug|Any CPU.ActiveCfg = Debug|Any CPU
		{E004A0E2-9A28-63BE-8747-A4001A2F4FFA}.Debug|Any CPU.Build.0 = Debug|Any CPU
		{E004A0E2-9A28-63BE-8747-A4001A2F4FFA}.Release|Any CPU.ActiveCfg = Release|Any CPU
		{E004A0E2-9A28-63BE-8747-A4001A2F4FFA}.Release|Any CPU.Build.0 = Release|Any CPU
		{32EB7783-D179-A796-D7D8-E8726207311F}.Debug|Any CPU.ActiveCfg = Debug|Any CPU
		{32EB7783-D179-A796-D7D8-E8726207311F}.Debug|Any CPU.Build.0 = Debug|Any CPU
		{32EB7783-D179-A796-D7D8-E8726207311F}.Release|Any CPU.ActiveCfg = Release|Any CPU
		{32EB7783-D179-A796-D7D8-E8726207311F}.Release|Any CPU.Build.0 = Release|Any CPU
		{D336A1D7-6FA0-351E-53C8-789FAFE647AC}.Debug|Any CPU.ActiveCfg = Debug|Any CPU
		{D336A1D7-6FA0-351E-53C8-789FAFE647AC}.Debug|Any CPU.Build.0 = Debug|Any CPU
		{D336A1D7-6FA0-351E-53C8-789FAFE647AC}.Release|Any CPU.ActiveCfg = Release|Any CPU
		{D336A1D7-6FA0-351E-53C8-789FAFE647AC}.Release|Any CPU.Build.0 = Release|Any CPU
		{5C495890-2C9B-0350-3CF4-EBA7A073BDA2}.Debug|Any CPU.ActiveCfg = Debug|Any CPU
		{5C495890-2C9B-0350-3CF4-EBA7A073BDA2}.Debug|Any CPU.Build.0 = Debug|Any CPU
		{5C495890-2C9B-0350-3CF4-EBA7A073BDA2}.Release|Any CPU.ActiveCfg = Release|Any CPU
		{5C495890-2C9B-0350-3CF4-EBA7A073BDA2}.Release|Any CPU.Build.0 = Release|Any CPU
		{9F04CB22-A787-BA68-D2C9-DB7FB689A010}.Debug|Any CPU.ActiveCfg = Debug|Any CPU
		{9F04CB22-A787-BA68-D2C9-DB7FB689A010}.Debug|Any CPU.Build.0 = Debug|Any CPU
		{9F04CB22-A787-BA68-D2C9-DB7FB689A010}.Release|Any CPU.ActiveCfg = Release|Any CPU
		{9F04CB22-A787-BA68-D2C9-DB7FB689A010}.Release|Any CPU.Build.0 = Release|Any CPU
		{A49E94A4-0CA5-D654-0B24-986CBA640F3F}.Debug|Any CPU.ActiveCfg = Debug|Any CPU
		{A49E94A4-0CA5-D654-0B24-986CBA640F3F}.Debug|Any CPU.Build.0 = Debug|Any CPU
		{A49E94A4-0CA5-D654-0B24-986CBA640F3F}.Release|Any CPU.ActiveCfg = Release|Any CPU
		{A49E94A4-0CA5-D654-0B24-986CBA640F3F}.Release|Any CPU.Build.0 = Release|Any CPU
		{1CB4B10D-4888-F21E-756A-BF2A5B56D0CC}.Debug|Any CPU.ActiveCfg = Debug|Any CPU
		{1CB4B10D-4888-F21E-756A-BF2A5B56D0CC}.Debug|Any CPU.Build.0 = Debug|Any CPU
		{1CB4B10D-4888-F21E-756A-BF2A5B56D0CC}.Release|Any CPU.ActiveCfg = Release|Any CPU
		{1CB4B10D-4888-F21E-756A-BF2A5B56D0CC}.Release|Any CPU.Build.0 = Release|Any CPU
		{5D23C1FF-1673-8DE3-41FA-4BFCB0AC4D80}.Debug|Any CPU.ActiveCfg = Debug|Any CPU
		{5D23C1FF-1673-8DE3-41FA-4BFCB0AC4D80}.Debug|Any CPU.Build.0 = Debug|Any CPU
		{5D23C1FF-1673-8DE3-41FA-4BFCB0AC4D80}.Release|Any CPU.ActiveCfg = Release|Any CPU
		{5D23C1FF-1673-8DE3-41FA-4BFCB0AC4D80}.Release|Any CPU.Build.0 = Release|Any CPU
		{26447261-3F78-2432-356A-8387A434E944}.Debug|Any CPU.ActiveCfg = Debug|Any CPU
		{26447261-3F78-2432-356A-8387A434E944}.Debug|Any CPU.Build.0 = Debug|Any CPU
		{26447261-3F78-2432-356A-8387A434E944}.Release|Any CPU.ActiveCfg = Release|Any CPU
		{26447261-3F78-2432-356A-8387A434E944}.Release|Any CPU.Build.0 = Release|Any CPU
		{5F099C6F-844E-C98D-AF98-25C7B4060239}.Debug|Any CPU.ActiveCfg = Debug|Any CPU
		{5F099C6F-844E-C98D-AF98-25C7B4060239}.Debug|Any CPU.Build.0 = Debug|Any CPU
		{5F099C6F-844E-C98D-AF98-25C7B4060239}.Release|Any CPU.ActiveCfg = Release|Any CPU
		{5F099C6F-844E-C98D-AF98-25C7B4060239}.Release|Any CPU.Build.0 = Release|Any CPU
		{237D10B8-C693-062E-7049-A28964C2D54D}.Debug|Any CPU.ActiveCfg = Debug|Any CPU
		{237D10B8-C693-062E-7049-A28964C2D54D}.Debug|Any CPU.Build.0 = Debug|Any CPU
		{237D10B8-C693-062E-7049-A28964C2D54D}.Release|Any CPU.ActiveCfg = Release|Any CPU
		{237D10B8-C693-062E-7049-A28964C2D54D}.Release|Any CPU.Build.0 = Release|Any CPU
		{62212D1D-4220-F9A8-D410-D0575AD51C31}.Debug|Any CPU.ActiveCfg = Debug|Any CPU
		{62212D1D-4220-F9A8-D410-D0575AD51C31}.Debug|Any CPU.Build.0 = Debug|Any CPU
		{62212D1D-4220-F9A8-D410-D0575AD51C31}.Release|Any CPU.ActiveCfg = Release|Any CPU
		{62212D1D-4220-F9A8-D410-D0575AD51C31}.Release|Any CPU.Build.0 = Release|Any CPU
		{DE3C35B7-DA8E-32D9-1624-65C82CB10F86}.Debug|Any CPU.ActiveCfg = Debug|Any CPU
		{DE3C35B7-DA8E-32D9-1624-65C82CB10F86}.Debug|Any CPU.Build.0 = Debug|Any CPU
		{DE3C35B7-DA8E-32D9-1624-65C82CB10F86}.Release|Any CPU.ActiveCfg = Release|Any CPU
		{DE3C35B7-DA8E-32D9-1624-65C82CB10F86}.Release|Any CPU.Build.0 = Release|Any CPU
		{609B4F5D-59C3-B5C3-E97B-602C955DCA43}.Debug|Any CPU.ActiveCfg = Debug|Any CPU
		{609B4F5D-59C3-B5C3-E97B-602C955DCA43}.Debug|Any CPU.Build.0 = Debug|Any CPU
		{609B4F5D-59C3-B5C3-E97B-602C955DCA43}.Release|Any CPU.ActiveCfg = Release|Any CPU
		{609B4F5D-59C3-B5C3-E97B-602C955DCA43}.Release|Any CPU.Build.0 = Release|Any CPU
		{779C7013-5ACA-F42C-ABD9-D6F3384A5CFB}.Debug|Any CPU.ActiveCfg = Debug|Any CPU
		{779C7013-5ACA-F42C-ABD9-D6F3384A5CFB}.Debug|Any CPU.Build.0 = Debug|Any CPU
		{779C7013-5ACA-F42C-ABD9-D6F3384A5CFB}.Release|Any CPU.ActiveCfg = Release|Any CPU
		{779C7013-5ACA-F42C-ABD9-D6F3384A5CFB}.Release|Any CPU.Build.0 = Release|Any CPU
		{9A9AC683-146E-3F2D-8C44-A04E4ED9C5C6}.Debug|Any CPU.ActiveCfg = Debug|Any CPU
		{9A9AC683-146E-3F2D-8C44-A04E4ED9C5C6}.Debug|Any CPU.Build.0 = Debug|Any CPU
		{9A9AC683-146E-3F2D-8C44-A04E4ED9C5C6}.Release|Any CPU.ActiveCfg = Release|Any CPU
		{9A9AC683-146E-3F2D-8C44-A04E4ED9C5C6}.Release|Any CPU.Build.0 = Release|Any CPU
		{DEDAF148-B047-C85B-3F29-7304B9D41BB8}.Debug|Any CPU.ActiveCfg = Debug|Any CPU
		{DEDAF148-B047-C85B-3F29-7304B9D41BB8}.Debug|Any CPU.Build.0 = Debug|Any CPU
		{DEDAF148-B047-C85B-3F29-7304B9D41BB8}.Release|Any CPU.ActiveCfg = Release|Any CPU
		{DEDAF148-B047-C85B-3F29-7304B9D41BB8}.Release|Any CPU.Build.0 = Release|Any CPU
		{07FE0E80-5080-067D-B27F-DB2C95672550}.Debug|Any CPU.ActiveCfg = Debug|Any CPU
		{07FE0E80-5080-067D-B27F-DB2C95672550}.Debug|Any CPU.Build.0 = Debug|Any CPU
		{07FE0E80-5080-067D-B27F-DB2C95672550}.Release|Any CPU.ActiveCfg = Release|Any CPU
		{07FE0E80-5080-067D-B27F-DB2C95672550}.Release|Any CPU.Build.0 = Release|Any CPU
		{23088113-8099-613E-812B-DFF924EFAD5B}.Debug|Any CPU.ActiveCfg = Debug|Any CPU
		{23088113-8099-613E-812B-DFF924EFAD5B}.Debug|Any CPU.Build.0 = Debug|Any CPU
		{23088113-8099-613E-812B-DFF924EFAD5B}.Release|Any CPU.ActiveCfg = Release|Any CPU
		{23088113-8099-613E-812B-DFF924EFAD5B}.Release|Any CPU.Build.0 = Release|Any CPU
		{B7107CD1-4086-9806-AB98-F176D2376C27}.Debug|Any CPU.ActiveCfg = Debug|Any CPU
		{B7107CD1-4086-9806-AB98-F176D2376C27}.Debug|Any CPU.Build.0 = Debug|Any CPU
		{B7107CD1-4086-9806-AB98-F176D2376C27}.Release|Any CPU.ActiveCfg = Release|Any CPU
		{B7107CD1-4086-9806-AB98-F176D2376C27}.Release|Any CPU.Build.0 = Release|Any CPU
		{9AB82457-4371-3470-6BE4-21D1B6BFF7BE}.Debug|Any CPU.ActiveCfg = Debug|Any CPU
		{9AB82457-4371-3470-6BE4-21D1B6BFF7BE}.Debug|Any CPU.Build.0 = Debug|Any CPU
		{9AB82457-4371-3470-6BE4-21D1B6BFF7BE}.Release|Any CPU.ActiveCfg = Release|Any CPU
		{9AB82457-4371-3470-6BE4-21D1B6BFF7BE}.Release|Any CPU.Build.0 = Release|Any CPU
		{980BF054-4243-6B9F-8DEE-0D624F07C658}.Debug|Any CPU.ActiveCfg = Debug|Any CPU
		{980BF054-4243-6B9F-8DEE-0D624F07C658}.Debug|Any CPU.Build.0 = Debug|Any CPU
		{980BF054-4243-6B9F-8DEE-0D624F07C658}.Release|Any CPU.ActiveCfg = Release|Any CPU
		{980BF054-4243-6B9F-8DEE-0D624F07C658}.Release|Any CPU.Build.0 = Release|Any CPU
		{EA91C31C-0D82-8F92-41DD-8A7E4DCD15BF}.Debug|Any CPU.ActiveCfg = Debug|Any CPU
		{EA91C31C-0D82-8F92-41DD-8A7E4DCD15BF}.Debug|Any CPU.Build.0 = Debug|Any CPU
		{EA91C31C-0D82-8F92-41DD-8A7E4DCD15BF}.Release|Any CPU.ActiveCfg = Release|Any CPU
		{EA91C31C-0D82-8F92-41DD-8A7E4DCD15BF}.Release|Any CPU.Build.0 = Release|Any CPU
		{CBC3C467-DD09-2667-F8A2-E962E1870603}.Debug|Any CPU.ActiveCfg = Debug|Any CPU
		{CBC3C467-DD09-2667-F8A2-E962E1870603}.Debug|Any CPU.Build.0 = Debug|Any CPU
		{CBC3C467-DD09-2667-F8A2-E962E1870603}.Release|Any CPU.ActiveCfg = Release|Any CPU
		{CBC3C467-DD09-2667-F8A2-E962E1870603}.Release|Any CPU.Build.0 = Release|Any CPU
		{9F3300B3-113D-CA92-C4BA-88A7DAE9D741}.Debug|Any CPU.ActiveCfg = Debug|Any CPU
		{9F3300B3-113D-CA92-C4BA-88A7DAE9D741}.Debug|Any CPU.Build.0 = Debug|Any CPU
		{9F3300B3-113D-CA92-C4BA-88A7DAE9D741}.Release|Any CPU.ActiveCfg = Release|Any CPU
		{9F3300B3-113D-CA92-C4BA-88A7DAE9D741}.Release|Any CPU.Build.0 = Release|Any CPU
		{0971C331-A22D-403F-D20B-005CE1423414}.Debug|Any CPU.ActiveCfg = Debug|Any CPU
		{0971C331-A22D-403F-D20B-005CE1423414}.Debug|Any CPU.Build.0 = Debug|Any CPU
		{0971C331-A22D-403F-D20B-005CE1423414}.Release|Any CPU.ActiveCfg = Release|Any CPU
		{0971C331-A22D-403F-D20B-005CE1423414}.Release|Any CPU.Build.0 = Release|Any CPU
		{90B692B4-0E38-EC93-F8A5-F188A25D29A3}.Debug|Any CPU.ActiveCfg = Debug|Any CPU
		{90B692B4-0E38-EC93-F8A5-F188A25D29A3}.Debug|Any CPU.Build.0 = Debug|Any CPU
		{90B692B4-0E38-EC93-F8A5-F188A25D29A3}.Release|Any CPU.ActiveCfg = Release|Any CPU
		{90B692B4-0E38-EC93-F8A5-F188A25D29A3}.Release|Any CPU.Build.0 = Release|Any CPU
		{8FD9FACA-11B4-2307-D500-061FE131BEFA}.Debug|Any CPU.ActiveCfg = Debug|Any CPU
		{8FD9FACA-11B4-2307-D500-061FE131BEFA}.Debug|Any CPU.Build.0 = Debug|Any CPU
		{8FD9FACA-11B4-2307-D500-061FE131BEFA}.Release|Any CPU.ActiveCfg = Release|Any CPU
		{8FD9FACA-11B4-2307-D500-061FE131BEFA}.Release|Any CPU.Build.0 = Release|Any CPU
		{31F4ACD1-958C-F887-5489-8FC66798A2CF}.Debug|Any CPU.ActiveCfg = Debug|Any CPU
		{31F4ACD1-958C-F887-5489-8FC66798A2CF}.Debug|Any CPU.Build.0 = Debug|Any CPU
		{31F4ACD1-958C-F887-5489-8FC66798A2CF}.Release|Any CPU.ActiveCfg = Release|Any CPU
		{31F4ACD1-958C-F887-5489-8FC66798A2CF}.Release|Any CPU.Build.0 = Release|Any CPU
		{1C229C17-05BC-D132-F1C5-C5D3DF66665C}.Debug|Any CPU.ActiveCfg = Debug|Any CPU
		{1C229C17-05BC-D132-F1C5-C5D3DF66665C}.Debug|Any CPU.Build.0 = Debug|Any CPU
		{1C229C17-05BC-D132-F1C5-C5D3DF66665C}.Release|Any CPU.ActiveCfg = Release|Any CPU
		{1C229C17-05BC-D132-F1C5-C5D3DF66665C}.Release|Any CPU.Build.0 = Release|Any CPU
		{1C24B715-8E31-B3EB-27F4-DF3A8668207C}.Debug|Any CPU.ActiveCfg = Debug|Any CPU
		{1C24B715-8E31-B3EB-27F4-DF3A8668207C}.Debug|Any CPU.Build.0 = Debug|Any CPU
		{1C24B715-8E31-B3EB-27F4-DF3A8668207C}.Release|Any CPU.ActiveCfg = Release|Any CPU
		{1C24B715-8E31-B3EB-27F4-DF3A8668207C}.Release|Any CPU.Build.0 = Release|Any CPU
		{832A52AB-6CBC-9E46-DC50-162FCCE42458}.Debug|Any CPU.ActiveCfg = Debug|Any CPU
		{832A52AB-6CBC-9E46-DC50-162FCCE42458}.Debug|Any CPU.Build.0 = Debug|Any CPU
		{832A52AB-6CBC-9E46-DC50-162FCCE42458}.Release|Any CPU.ActiveCfg = Release|Any CPU
		{832A52AB-6CBC-9E46-DC50-162FCCE42458}.Release|Any CPU.Build.0 = Release|Any CPU
		{0F7A4D85-6C9C-9921-49D7-64B07D8D0075}.Debug|Any CPU.ActiveCfg = Debug|Any CPU
		{0F7A4D85-6C9C-9921-49D7-64B07D8D0075}.Debug|Any CPU.Build.0 = Debug|Any CPU
		{0F7A4D85-6C9C-9921-49D7-64B07D8D0075}.Release|Any CPU.ActiveCfg = Release|Any CPU
		{0F7A4D85-6C9C-9921-49D7-64B07D8D0075}.Release|Any CPU.Build.0 = Release|Any CPU
		{CA292FDA-2E90-6F0F-3EFB-FBE019AD0343}.Debug|Any CPU.ActiveCfg = Debug|Any CPU
		{CA292FDA-2E90-6F0F-3EFB-FBE019AD0343}.Debug|Any CPU.Build.0 = Debug|Any CPU
		{CA292FDA-2E90-6F0F-3EFB-FBE019AD0343}.Release|Any CPU.ActiveCfg = Release|Any CPU
		{CA292FDA-2E90-6F0F-3EFB-FBE019AD0343}.Release|Any CPU.Build.0 = Release|Any CPU
		{4A457A84-6DC1-7040-54DC-5CC367ACD364}.Debug|Any CPU.ActiveCfg = Debug|Any CPU
		{4A457A84-6DC1-7040-54DC-5CC367ACD364}.Debug|Any CPU.Build.0 = Debug|Any CPU
		{4A457A84-6DC1-7040-54DC-5CC367ACD364}.Release|Any CPU.ActiveCfg = Release|Any CPU
		{4A457A84-6DC1-7040-54DC-5CC367ACD364}.Release|Any CPU.Build.0 = Release|Any CPU
		{EB743E5C-71C6-DFE3-833F-AE2B1A9D0348}.Debug|Any CPU.ActiveCfg = Debug|Any CPU
		{EB743E5C-71C6-DFE3-833F-AE2B1A9D0348}.Debug|Any CPU.Build.0 = Debug|Any CPU
		{EB743E5C-71C6-DFE3-833F-AE2B1A9D0348}.Release|Any CPU.ActiveCfg = Release|Any CPU
		{EB743E5C-71C6-DFE3-833F-AE2B1A9D0348}.Release|Any CPU.Build.0 = Release|Any CPU
		{32A2659D-C8AC-0A6E-DF6B-C7E52A6BD2AE}.Debug|Any CPU.ActiveCfg = Debug|Any CPU
		{32A2659D-C8AC-0A6E-DF6B-C7E52A6BD2AE}.Debug|Any CPU.Build.0 = Debug|Any CPU
		{32A2659D-C8AC-0A6E-DF6B-C7E52A6BD2AE}.Release|Any CPU.ActiveCfg = Release|Any CPU
		{32A2659D-C8AC-0A6E-DF6B-C7E52A6BD2AE}.Release|Any CPU.Build.0 = Release|Any CPU
		{760658CE-02D3-6B10-3794-4B9F54948C41}.Debug|Any CPU.ActiveCfg = Debug|Any CPU
		{760658CE-02D3-6B10-3794-4B9F54948C41}.Debug|Any CPU.Build.0 = Debug|Any CPU
		{760658CE-02D3-6B10-3794-4B9F54948C41}.Release|Any CPU.ActiveCfg = Release|Any CPU
		{760658CE-02D3-6B10-3794-4B9F54948C41}.Release|Any CPU.Build.0 = Release|Any CPU
		{C26AFD45-5878-30CD-E631-F6EB246DBDBB}.Debug|Any CPU.ActiveCfg = Debug|Any CPU
		{C26AFD45-5878-30CD-E631-F6EB246DBDBB}.Debug|Any CPU.Build.0 = Debug|Any CPU
		{C26AFD45-5878-30CD-E631-F6EB246DBDBB}.Release|Any CPU.ActiveCfg = Release|Any CPU
		{C26AFD45-5878-30CD-E631-F6EB246DBDBB}.Release|Any CPU.Build.0 = Release|Any CPU
		{16105D5F-970C-DA02-F691-F0DCD1E691D9}.Debug|Any CPU.ActiveCfg = Debug|Any CPU
		{16105D5F-970C-DA02-F691-F0DCD1E691D9}.Debug|Any CPU.Build.0 = Debug|Any CPU
		{16105D5F-970C-DA02-F691-F0DCD1E691D9}.Release|Any CPU.ActiveCfg = Release|Any CPU
		{16105D5F-970C-DA02-F691-F0DCD1E691D9}.Release|Any CPU.Build.0 = Release|Any CPU
		{57B4C0E8-FA76-105D-E34C-16E01514BFAD}.Debug|Any CPU.ActiveCfg = Debug|Any CPU
		{57B4C0E8-FA76-105D-E34C-16E01514BFAD}.Debug|Any CPU.Build.0 = Debug|Any CPU
		{57B4C0E8-FA76-105D-E34C-16E01514BFAD}.Release|Any CPU.ActiveCfg = Release|Any CPU
		{57B4C0E8-FA76-105D-E34C-16E01514BFAD}.Release|Any CPU.Build.0 = Release|Any CPU
		{D85349A9-AE5C-11FD-997E-B6CDF4AB8AF9}.Debug|Any CPU.ActiveCfg = Debug|Any CPU
		{D85349A9-AE5C-11FD-997E-B6CDF4AB8AF9}.Debug|Any CPU.Build.0 = Debug|Any CPU
		{D85349A9-AE5C-11FD-997E-B6CDF4AB8AF9}.Release|Any CPU.ActiveCfg = Release|Any CPU
		{D85349A9-AE5C-11FD-997E-B6CDF4AB8AF9}.Release|Any CPU.Build.0 = Release|Any CPU
		{923EE562-F408-3FD9-B5B5-EE5D00A811EC}.Debug|Any CPU.ActiveCfg = Debug|Any CPU
		{923EE562-F408-3FD9-B5B5-EE5D00A811EC}.Debug|Any CPU.Build.0 = Debug|Any CPU
		{923EE562-F408-3FD9-B5B5-EE5D00A811EC}.Release|Any CPU.ActiveCfg = Release|Any CPU
		{923EE562-F408-3FD9-B5B5-EE5D00A811EC}.Release|Any CPU.Build.0 = Release|Any CPU
		{1BBCEE8D-B39E-2BBF-8DF0-B6DAB19DDC2E}.Debug|Any CPU.ActiveCfg = Debug|Any CPU
		{1BBCEE8D-B39E-2BBF-8DF0-B6DAB19DDC2E}.Debug|Any CPU.Build.0 = Debug|Any CPU
		{1BBCEE8D-B39E-2BBF-8DF0-B6DAB19DDC2E}.Release|Any CPU.ActiveCfg = Release|Any CPU
		{1BBCEE8D-B39E-2BBF-8DF0-B6DAB19DDC2E}.Release|Any CPU.Build.0 = Release|Any CPU
		{6694A806-085D-C724-B32C-734EDDE6721E}.Debug|Any CPU.ActiveCfg = Debug|Any CPU
		{6694A806-085D-C724-B32C-734EDDE6721E}.Debug|Any CPU.Build.0 = Debug|Any CPU
		{6694A806-085D-C724-B32C-734EDDE6721E}.Release|Any CPU.ActiveCfg = Release|Any CPU
		{6694A806-085D-C724-B32C-734EDDE6721E}.Release|Any CPU.Build.0 = Release|Any CPU
		{04E35770-3735-8E33-DD65-90361F091AD7}.Debug|Any CPU.ActiveCfg = Debug|Any CPU
		{04E35770-3735-8E33-DD65-90361F091AD7}.Debug|Any CPU.Build.0 = Debug|Any CPU
		{04E35770-3735-8E33-DD65-90361F091AD7}.Release|Any CPU.ActiveCfg = Release|Any CPU
		{04E35770-3735-8E33-DD65-90361F091AD7}.Release|Any CPU.Build.0 = Release|Any CPU
		{C56D9F8C-85CA-77A3-9DFD-6B32977E008F}.Debug|Any CPU.ActiveCfg = Debug|Any CPU
		{C56D9F8C-85CA-77A3-9DFD-6B32977E008F}.Debug|Any CPU.Build.0 = Debug|Any CPU
		{C56D9F8C-85CA-77A3-9DFD-6B32977E008F}.Release|Any CPU.ActiveCfg = Release|Any CPU
		{C56D9F8C-85CA-77A3-9DFD-6B32977E008F}.Release|Any CPU.Build.0 = Release|Any CPU
	EndGlobalSection
	GlobalSection(SolutionProperties) = preSolution
		HideSolutionNode = FALSE
	EndGlobalSection
	GlobalSection(NestedProjects) = preSolution
		{CC5C63B3-287C-8610-D8F5-E2794D9C4177} = {2CB42F12-E813-91B3-7D11-3220E40BEF4A}
		{78A65A5E-957F-9449-AA28-D42DAF1FFC26} = {2CB42F12-E813-91B3-7D11-3220E40BEF4A}
		{7A19E0FE-CDA2-5297-5F89-97955222A4B0} = {2CB42F12-E813-91B3-7D11-3220E40BEF4A}
		{84F555B8-80F5-0404-7808-ACBD08A05F0B} = {2CB42F12-E813-91B3-7D11-3220E40BEF4A}
		{E004A0E2-9A28-63BE-8747-A4001A2F4FFA} = {2CB42F12-E813-91B3-7D11-3220E40BEF4A}
		{32EB7783-D179-A796-D7D8-E8726207311F} = {2CB42F12-E813-91B3-7D11-3220E40BEF4A}
		{D336A1D7-6FA0-351E-53C8-789FAFE647AC} = {2CB42F12-E813-91B3-7D11-3220E40BEF4A}
		{5C495890-2C9B-0350-3CF4-EBA7A073BDA2} = {2CB42F12-E813-91B3-7D11-3220E40BEF4A}
		{9F04CB22-A787-BA68-D2C9-DB7FB689A010} = {2CB42F12-E813-91B3-7D11-3220E40BEF4A}
		{A49E94A4-0CA5-D654-0B24-986CBA640F3F} = {2CB42F12-E813-91B3-7D11-3220E40BEF4A}
		{1CB4B10D-4888-F21E-756A-BF2A5B56D0CC} = {2CB42F12-E813-91B3-7D11-3220E40BEF4A}
		{5D23C1FF-1673-8DE3-41FA-4BFCB0AC4D80} = {2CB42F12-E813-91B3-7D11-3220E40BEF4A}
		{26447261-3F78-2432-356A-8387A434E944} = {2CB42F12-E813-91B3-7D11-3220E40BEF4A}
		{5F099C6F-844E-C98D-AF98-25C7B4060239} = {2CB42F12-E813-91B3-7D11-3220E40BEF4A}
		{237D10B8-C693-062E-7049-A28964C2D54D} = {2CB42F12-E813-91B3-7D11-3220E40BEF4A}
		{62212D1D-4220-F9A8-D410-D0575AD51C31} = {2CB42F12-E813-91B3-7D11-3220E40BEF4A}
		{DE3C35B7-DA8E-32D9-1624-65C82CB10F86} = {2CB42F12-E813-91B3-7D11-3220E40BEF4A}
		{609B4F5D-59C3-B5C3-E97B-602C955DCA43} = {2CB42F12-E813-91B3-7D11-3220E40BEF4A}
		{779C7013-5ACA-F42C-ABD9-D6F3384A5CFB} = {2CB42F12-E813-91B3-7D11-3220E40BEF4A}
		{9A9AC683-146E-3F2D-8C44-A04E4ED9C5C6} = {2CB42F12-E813-91B3-7D11-3220E40BEF4A}
		{DEDAF148-B047-C85B-3F29-7304B9D41BB8} = {2CB42F12-E813-91B3-7D11-3220E40BEF4A}
		{07FE0E80-5080-067D-B27F-DB2C95672550} = {2CB42F12-E813-91B3-7D11-3220E40BEF4A}
		{23088113-8099-613E-812B-DFF924EFAD5B} = {2CB42F12-E813-91B3-7D11-3220E40BEF4A}
		{B7107CD1-4086-9806-AB98-F176D2376C27} = {2CB42F12-E813-91B3-7D11-3220E40BEF4A}
		{9AB82457-4371-3470-6BE4-21D1B6BFF7BE} = {2CB42F12-E813-91B3-7D11-3220E40BEF4A}
		{980BF054-4243-6B9F-8DEE-0D624F07C658} = {2CB42F12-E813-91B3-7D11-3220E40BEF4A}
		{EA91C31C-0D82-8F92-41DD-8A7E4DCD15BF} = {2CB42F12-E813-91B3-7D11-3220E40BEF4A}
		{CBC3C467-DD09-2667-F8A2-E962E1870603} = {2CB42F12-E813-91B3-7D11-3220E40BEF4A}
		{9F3300B3-113D-CA92-C4BA-88A7DAE9D741} = {2CB42F12-E813-91B3-7D11-3220E40BEF4A}
		{0971C331-A22D-403F-D20B-005CE1423414} = {2CB42F12-E813-91B3-7D11-3220E40BEF4A}
		{90B692B4-0E38-EC93-F8A5-F188A25D29A3} = {2CB42F12-E813-91B3-7D11-3220E40BEF4A}
		{8FD9FACA-11B4-2307-D500-061FE131BEFA} = {2CB42F12-E813-91B3-7D11-3220E40BEF4A}
		{31F4ACD1-958C-F887-5489-8FC66798A2CF} = {2CB42F12-E813-91B3-7D11-3220E40BEF4A}
		{1C229C17-05BC-D132-F1C5-C5D3DF66665C} = {2CB42F12-E813-91B3-7D11-3220E40BEF4A}
		{1C24B715-8E31-B3EB-27F4-DF3A8668207C} = {2CB42F12-E813-91B3-7D11-3220E40BEF4A}
		{832A52AB-6CBC-9E46-DC50-162FCCE42458} = {2CB42F12-E813-91B3-7D11-3220E40BEF4A}
		{0F7A4D85-6C9C-9921-49D7-64B07D8D0075} = {2CB42F12-E813-91B3-7D11-3220E40BEF4A}
		{CA292FDA-2E90-6F0F-3EFB-FBE019AD0343} = {2CB42F12-E813-91B3-7D11-3220E40BEF4A}
		{4A457A84-6DC1-7040-54DC-5CC367ACD364} = {2CB42F12-E813-91B3-7D11-3220E40BEF4A}
		{EB743E5C-71C6-DFE3-833F-AE2B1A9D0348} = {2CB42F12-E813-91B3-7D11-3220E40BEF4A}
		{32A2659D-C8AC-0A6E-DF6B-C7E52A6BD2AE} = {2CB42F12-E813-91B3-7D11-3220E40BEF4A}
		{760658CE-02D3-6B10-3794-4B9F54948C41} = {2CB42F12-E813-91B3-7D11-3220E40BEF4A}
		{C26AFD45-5878-30CD-E631-F6EB246DBDBB} = {2CB42F12-E813-91B3-7D11-3220E40BEF4A}
		{16105D5F-970C-DA02-F691-F0DCD1E691D9} = {2CB42F12-E813-91B3-7D11-3220E40BEF4A}
		{57B4C0E8-FA76-105D-E34C-16E01514BFAD} = {2CB42F12-E813-91B3-7D11-3220E40BEF4A}
		{D85349A9-AE5C-11FD-997E-B6CDF4AB8AF9} = {2CB42F12-E813-91B3-7D11-3220E40BEF4A}
		{923EE562-F408-3FD9-B5B5-EE5D00A811EC} = {2CB42F12-E813-91B3-7D11-3220E40BEF4A}
		{1BBCEE8D-B39E-2BBF-8DF0-B6DAB19DDC2E} = {2CB42F12-E813-91B3-7D11-3220E40BEF4A}
		{6694A806-085D-C724-B32C-734EDDE6721E} = {2CB42F12-E813-91B3-7D11-3220E40BEF4A}
		{04E35770-3735-8E33-DD65-90361F091AD7} = {2CB42F12-E813-91B3-7D11-3220E40BEF4A}
		{C56D9F8C-85CA-77A3-9DFD-6B32977E008F} = {2CB42F12-E813-91B3-7D11-3220E40BEF4A}
	EndGlobalSection
	GlobalSection(ExtensibilityGlobals) = postSolution
		SolutionGuid = {EE303930-D4F4-444D-B89E-99FA9E1FFF6D}
	EndGlobalSection
EndGlobal
